
Microsoft Visual Studio Solution File, Format Version 12.00
# Visual Studio Version 17
VisualStudioVersion = 17.4.33213.308
MinimumVisualStudioVersion = 10.0.40219.1
Project("{FAE04EC0-301F-11D3-BF4B-00C04F79EFBC}") = "QuilgoTestProject", "QuilgoTestProject\QuilgoTestProject.csproj", "{AE703F1B-F917-457C-A2E1-264F17B875CB}"
EndProject
Global
	GlobalSection(SolutionConfigurationPlatforms) = preSolution
		Debug|Any CPU = Debug|Any CPU
		Release|Any CPU = Release|Any CPU
	EndGlobalSection
	GlobalSection(ProjectConfigurationPlatforms) = postSolution
		{AE703F1B-F917-457C-A2E1-264F17B875CB}.Debug|Any CPU.ActiveCfg = Debug|Any CPU
		{AE703F1B-F917-457C-A2E1-264F17B875CB}.Debug|Any CPU.Build.0 = Debug|Any CPU
		{AE703F1B-F917-457C-A2E1-264F17B875CB}.Release|Any CPU.ActiveCfg = Release|Any CPU
		{AE703F1B-F917-457C-A2E1-264F17B875CB}.Release|Any CPU.Build.0 = Release|Any CPU
	EndGlobalSection
	GlobalSection(SolutionProperties) = preSolution
		HideSolutionNode = FALSE
	EndGlobalSection
	GlobalSection(ExtensibilityGlobals) = postSolution
		SolutionGuid = {D81F94A1-56A5-4097-BCA2-E9809E5793B0}
	EndGlobalSection
EndGlobal
